
Microsoft Visual Studio Solution File, Format Version 12.00
# Visual Studio 15
VisualStudioVersion = 15.0.28307.329
MinimumVisualStudioVersion = 10.0.40219.1
Project("{9A19103F-16F7-4668-BE54-9A1E7A4F7556}") = "Dts.RegistroTiempos.Model", "Dts.RegistroTiempos.Model\Dts.RegistroTiempos.Model.csproj", "{8E9950F4-3D00-4F39-B3A8-BF8BAA9818D4}"
EndProject
Project("{9A19103F-16F7-4668-BE54-9A1E7A4F7556}") = "Dts.RegistroTiempos.Data", "Dts.RegistroTiempos.Data\Dts.RegistroTiempos.Data.csproj", "{D12D05C1-D9B6-4624-9E87-848D2D288AD9}"
EndProject
Project("{9A19103F-16F7-4668-BE54-9A1E7A4F7556}") = "Dts.RegistroTiempos.Services", "Dts.RegistroTiempos.Services\Dts.RegistroTiempos.Services.csproj", "{DD3B95C7-21B4-4BC6-9974-457DB9C973EA}"
EndProject
Project("{FAE04EC0-301F-11D3-BF4B-00C04F79EFBC}") = "Dts.RegistroTiempos.WebApi", "Dts.RegistroTiempos.WebApi\Dts.RegistroTiempos.WebApi.csproj", "{C3C70EA7-B2F7-452F-A263-866BFDB40224}"
EndProject
Global
	GlobalSection(SolutionConfigurationPlatforms) = preSolution
		Debug|Any CPU = Debug|Any CPU
		Release|Any CPU = Release|Any CPU
	EndGlobalSection
	GlobalSection(ProjectConfigurationPlatforms) = postSolution
		{8E9950F4-3D00-4F39-B3A8-BF8BAA9818D4}.Debug|Any CPU.ActiveCfg = Debug|Any CPU
		{8E9950F4-3D00-4F39-B3A8-BF8BAA9818D4}.Debug|Any CPU.Build.0 = Debug|Any CPU
		{8E9950F4-3D00-4F39-B3A8-BF8BAA9818D4}.Release|Any CPU.ActiveCfg = Release|Any CPU
		{8E9950F4-3D00-4F39-B3A8-BF8BAA9818D4}.Release|Any CPU.Build.0 = Release|Any CPU
		{D12D05C1-D9B6-4624-9E87-848D2D288AD9}.Debug|Any CPU.ActiveCfg = Debug|Any CPU
		{D12D05C1-D9B6-4624-9E87-848D2D288AD9}.Debug|Any CPU.Build.0 = Debug|Any CPU
		{D12D05C1-D9B6-4624-9E87-848D2D288AD9}.Release|Any CPU.ActiveCfg = Release|Any CPU
		{D12D05C1-D9B6-4624-9E87-848D2D288AD9}.Release|Any CPU.Build.0 = Release|Any CPU
		{DD3B95C7-21B4-4BC6-9974-457DB9C973EA}.Debug|Any CPU.ActiveCfg = Debug|Any CPU
		{DD3B95C7-21B4-4BC6-9974-457DB9C973EA}.Debug|Any CPU.Build.0 = Debug|Any CPU
		{DD3B95C7-21B4-4BC6-9974-457DB9C973EA}.Release|Any CPU.ActiveCfg = Release|Any CPU
		{DD3B95C7-21B4-4BC6-9974-457DB9C973EA}.Release|Any CPU.Build.0 = Release|Any CPU
		{C3C70EA7-B2F7-452F-A263-866BFDB40224}.Debug|Any CPU.ActiveCfg = Debug|Any CPU
		{C3C70EA7-B2F7-452F-A263-866BFDB40224}.Debug|Any CPU.Build.0 = Debug|Any CPU
		{C3C70EA7-B2F7-452F-A263-866BFDB40224}.Release|Any CPU.ActiveCfg = Release|Any CPU
		{C3C70EA7-B2F7-452F-A263-866BFDB40224}.Release|Any CPU.Build.0 = Release|Any CPU
	EndGlobalSection
	GlobalSection(SolutionProperties) = preSolution
		HideSolutionNode = FALSE
	EndGlobalSection
	GlobalSection(ExtensibilityGlobals) = postSolution
		SolutionGuid = {11D963E9-3BD0-4CD3-9BD8-2D6DC18202BA}
	EndGlobalSection
EndGlobal
